// !$*UTF8*$!
{
	archiveVersion = 1;
	classes = {
	};
	objectVersion = 55;
	objects = {

/* Begin PBXBuildFile section */
		080AE6BE28BA13BC00D83126 /* AppDelegate.swift in Sources */ = {isa = PBXBuildFile; fileRef = 080AE6BD28BA13BC00D83126 /* AppDelegate.swift */; };
		080AE6C028BA13BC00D83126 /* SceneDelegate.swift in Sources */ = {isa = PBXBuildFile; fileRef = 080AE6BF28BA13BC00D83126 /* SceneDelegate.swift */; };
		080AE6C228BA13BC00D83126 /* ViewController.swift in Sources */ = {isa = PBXBuildFile; fileRef = 080AE6C128BA13BC00D83126 /* ViewController.swift */; };
		080AE6C528BA13BC00D83126 /* Main.storyboard in Resources */ = {isa = PBXBuildFile; fileRef = 080AE6C328BA13BC00D83126 /* Main.storyboard */; };
		080AE6C728BA13BE00D83126 /* Assets.xcassets in Resources */ = {isa = PBXBuildFile; fileRef = 080AE6C628BA13BE00D83126 /* Assets.xcassets */; };
		080AE6CA28BA13BE00D83126 /* LaunchScreen.storyboard in Resources */ = {isa = PBXBuildFile; fileRef = 080AE6C828BA13BE00D83126 /* LaunchScreen.storyboard */; };
		080AE6DE28BA14FC00D83126 /* ConversationsController.swift in Sources */ = {isa = PBXBuildFile; fileRef = 080AE6DD28BA14FC00D83126 /* ConversationsController.swift */; };
		080AE6E128BA2B2B00D83126 /* LoginController.swift in Sources */ = {isa = PBXBuildFile; fileRef = 080AE6E028BA2B2B00D83126 /* LoginController.swift */; };
		080AE6E328BA2B3700D83126 /* RegistrationController.swift in Sources */ = {isa = PBXBuildFile; fileRef = 080AE6E228BA2B3700D83126 /* RegistrationController.swift */; };
		080AE6E528BA2E7A00D83126 /* Extensions.swift in Sources */ = {isa = PBXBuildFile; fileRef = 080AE6E428BA2E7A00D83126 /* Extensions.swift */; };
		080AE6E928BCBD6D00D83126 /* InputContainerView.swift in Sources */ = {isa = PBXBuildFile; fileRef = 080AE6E828BCBD6D00D83126 /* InputContainerView.swift */; };
		080AE6EB28BCC05D00D83126 /* CustomTextField.swift in Sources */ = {isa = PBXBuildFile; fileRef = 080AE6EA28BCC05D00D83126 /* CustomTextField.swift */; };
		080AE6ED28BCD3C500D83126 /* LoginViewModel.swift in Sources */ = {isa = PBXBuildFile; fileRef = 080AE6EC28BCD3C500D83126 /* LoginViewModel.swift */; };
		080AE6EF28BCDB6A00D83126 /* RegistrationViewModel.swift in Sources */ = {isa = PBXBuildFile; fileRef = 080AE6EE28BCDB6A00D83126 /* RegistrationViewModel.swift */; };
		08A7BEA728BE07960039EBC7 /* GoogleService-Info.plist in Resources */ = {isa = PBXBuildFile; fileRef = 08A7BEA628BE07960039EBC7 /* GoogleService-Info.plist */; };
		0D9495DD278D92591E33AB00 /* Pods_FireChat.framework in Frameworks */ = {isa = PBXBuildFile; fileRef = F6543A295B3CC06AB5C99E98 /* Pods_FireChat.framework */; };
/* End PBXBuildFile section */

/* Begin PBXFileReference section */
		080AE6BA28BA13BC00D83126 /* FireChat.app */ = {isa = PBXFileReference; explicitFileType = wrapper.application; includeInIndex = 0; path = FireChat.app; sourceTree = BUILT_PRODUCTS_DIR; };
		080AE6BD28BA13BC00D83126 /* AppDelegate.swift */ = {isa = PBXFileReference; lastKnownFileType = sourcecode.swift; path = AppDelegate.swift; sourceTree = "<group>"; };
		080AE6BF28BA13BC00D83126 /* SceneDelegate.swift */ = {isa = PBXFileReference; lastKnownFileType = sourcecode.swift; path = SceneDelegate.swift; sourceTree = "<group>"; };
		080AE6C128BA13BC00D83126 /* ViewController.swift */ = {isa = PBXFileReference; lastKnownFileType = sourcecode.swift; path = ViewController.swift; sourceTree = "<group>"; };
		080AE6C428BA13BC00D83126 /* Base */ = {isa = PBXFileReference; lastKnownFileType = file.storyboard; name = Base; path = Base.lproj/Main.storyboard; sourceTree = "<group>"; };
		080AE6C628BA13BE00D83126 /* Assets.xcassets */ = {isa = PBXFileReference; lastKnownFileType = folder.assetcatalog; path = Assets.xcassets; sourceTree = "<group>"; };
		080AE6C928BA13BE00D83126 /* Base */ = {isa = PBXFileReference; lastKnownFileType = file.storyboard; name = Base; path = Base.lproj/LaunchScreen.storyboard; sourceTree = "<group>"; };
		080AE6CB28BA13BE00D83126 /* Info.plist */ = {isa = PBXFileReference; lastKnownFileType = text.plist.xml; path = Info.plist; sourceTree = "<group>"; };
		080AE6DD28BA14FC00D83126 /* ConversationsController.swift */ = {isa = PBXFileReference; lastKnownFileType = sourcecode.swift; path = ConversationsController.swift; sourceTree = "<group>"; };
		080AE6E028BA2B2B00D83126 /* LoginController.swift */ = {isa = PBXFileReference; lastKnownFileType = sourcecode.swift; path = LoginController.swift; sourceTree = "<group>"; };
		080AE6E228BA2B3700D83126 /* RegistrationController.swift */ = {isa = PBXFileReference; lastKnownFileType = sourcecode.swift; path = RegistrationController.swift; sourceTree = "<group>"; };
		080AE6E428BA2E7A00D83126 /* Extensions.swift */ = {isa = PBXFileReference; lastKnownFileType = sourcecode.swift; path = Extensions.swift; sourceTree = "<group>"; };
		080AE6E828BCBD6D00D83126 /* InputContainerView.swift */ = {isa = PBXFileReference; lastKnownFileType = sourcecode.swift; path = InputContainerView.swift; sourceTree = "<group>"; };
		080AE6EA28BCC05D00D83126 /* CustomTextField.swift */ = {isa = PBXFileReference; lastKnownFileType = sourcecode.swift; path = CustomTextField.swift; sourceTree = "<group>"; };
		080AE6EC28BCD3C500D83126 /* LoginViewModel.swift */ = {isa = PBXFileReference; lastKnownFileType = sourcecode.swift; path = LoginViewModel.swift; sourceTree = "<group>"; };
		080AE6EE28BCDB6A00D83126 /* RegistrationViewModel.swift */ = {isa = PBXFileReference; lastKnownFileType = sourcecode.swift; path = RegistrationViewModel.swift; sourceTree = "<group>"; };
		08A7BEA628BE07960039EBC7 /* GoogleService-Info.plist */ = {isa = PBXFileReference; fileEncoding = 4; lastKnownFileType = text.plist.xml; path = "GoogleService-Info.plist"; sourceTree = "<group>"; };
		9FFC5404255CFBBE1246AA16 /* Pods-FireChat.debug.xcconfig */ = {isa = PBXFileReference; includeInIndex = 1; lastKnownFileType = text.xcconfig; name = "Pods-FireChat.debug.xcconfig"; path = "Target Support Files/Pods-FireChat/Pods-FireChat.debug.xcconfig"; sourceTree = "<group>"; };
		BCFA2BCBCBDD3324181B9006 /* Pods-FireChat.release.xcconfig */ = {isa = PBXFileReference; includeInIndex = 1; lastKnownFileType = text.xcconfig; name = "Pods-FireChat.release.xcconfig"; path = "Target Support Files/Pods-FireChat/Pods-FireChat.release.xcconfig"; sourceTree = "<group>"; };
		F6543A295B3CC06AB5C99E98 /* Pods_FireChat.framework */ = {isa = PBXFileReference; explicitFileType = wrapper.framework; includeInIndex = 0; path = Pods_FireChat.framework; sourceTree = BUILT_PRODUCTS_DIR; };
/* End PBXFileReference section */

/* Begin PBXFrameworksBuildPhase section */
		080AE6B728BA13BC00D83126 /* Frameworks */ = {
			isa = PBXFrameworksBuildPhase;
			buildActionMask = 2147483647;
			files = (
				0D9495DD278D92591E33AB00 /* Pods_FireChat.framework in Frameworks */,
			);
			runOnlyForDeploymentPostprocessing = 0;
		};
/* End PBXFrameworksBuildPhase section */

/* Begin PBXGroup section */
		080AE6B128BA13BC00D83126 = {
			isa = PBXGroup;
			children = (
				080AE6BC28BA13BC00D83126 /* FireChat */,
				080AE6BB28BA13BC00D83126 /* Products */,
				FC9C48610989C7C869781BF5 /* Pods */,
				9EFF135ED8557404116A986B /* Frameworks */,
			);
			sourceTree = "<group>";
		};
		080AE6BB28BA13BC00D83126 /* Products */ = {
			isa = PBXGroup;
			children = (
				080AE6BA28BA13BC00D83126 /* FireChat.app */,
			);
			name = Products;
			sourceTree = "<group>";
		};
		080AE6BC28BA13BC00D83126 /* FireChat */ = {
			isa = PBXGroup;
			children = (
				080AE6DC28BA13F800D83126 /* Model */,
				080AE6DB28BA13F700D83126 /* View */,
				080AE6DA28BA13F500D83126 /* ViewModel */,
				080AE6D828BA13EF00D83126 /* Controller */,
				080AE6D528BA13EA00D83126 /* API */,
				080AE6D128BA13E000D83126 /* Utilities */,
				080AE6BD28BA13BC00D83126 /* AppDelegate.swift */,
				080AE6BF28BA13BC00D83126 /* SceneDelegate.swift */,
				080AE6C128BA13BC00D83126 /* ViewController.swift */,
				080AE6C328BA13BC00D83126 /* Main.storyboard */,
				080AE6C628BA13BE00D83126 /* Assets.xcassets */,
				080AE6C828BA13BE00D83126 /* LaunchScreen.storyboard */,
				080AE6CB28BA13BE00D83126 /* Info.plist */,
				08A7BEA628BE07960039EBC7 /* GoogleService-Info.plist */,
			);
			path = FireChat;
			sourceTree = "<group>";
		};
		080AE6D128BA13E000D83126 /* Utilities */ = {
			isa = PBXGroup;
			children = (
				080AE6E428BA2E7A00D83126 /* Extensions.swift */,
			);
			path = Utilities;
			sourceTree = "<group>";
		};
		080AE6D528BA13EA00D83126 /* API */ = {
			isa = PBXGroup;
			children = (
			);
			path = API;
			sourceTree = "<group>";
		};
		080AE6D828BA13EF00D83126 /* Controller */ = {
			isa = PBXGroup;
			children = (
				080AE6DF28BA2B1B00D83126 /* Authentication */,
				080AE6DD28BA14FC00D83126 /* ConversationsController.swift */,
			);
			path = Controller;
			sourceTree = "<group>";
		};
		080AE6DA28BA13F500D83126 /* ViewModel */ = {
			isa = PBXGroup;
			children = (
				080AE6EC28BCD3C500D83126 /* LoginViewModel.swift */,
				080AE6EE28BCDB6A00D83126 /* RegistrationViewModel.swift */,
			);
			path = ViewModel;
			sourceTree = "<group>";
		};
		080AE6DB28BA13F700D83126 /* View */ = {
			isa = PBXGroup;
			children = (
				080AE6E828BCBD6D00D83126 /* InputContainerView.swift */,
				080AE6EA28BCC05D00D83126 /* CustomTextField.swift */,
			);
			path = View;
			sourceTree = "<group>";
		};
		080AE6DC28BA13F800D83126 /* Model */ = {
			isa = PBXGroup;
			children = (
			);
			path = Model;
			sourceTree = "<group>";
		};
		080AE6DF28BA2B1B00D83126 /* Authentication */ = {
			isa = PBXGroup;
			children = (
				080AE6E028BA2B2B00D83126 /* LoginController.swift */,
				080AE6E228BA2B3700D83126 /* RegistrationController.swift */,
			);
			path = Authentication;
			sourceTree = "<group>";
		};
		9EFF135ED8557404116A986B /* Frameworks */ = {
			isa = PBXGroup;
			children = (
				F6543A295B3CC06AB5C99E98 /* Pods_FireChat.framework */,
			);
			name = Frameworks;
			sourceTree = "<group>";
		};
		FC9C48610989C7C869781BF5 /* Pods */ = {
			isa = PBXGroup;
			children = (
				9FFC5404255CFBBE1246AA16 /* Pods-FireChat.debug.xcconfig */,
				BCFA2BCBCBDD3324181B9006 /* Pods-FireChat.release.xcconfig */,
			);
			path = Pods;
			sourceTree = "<group>";
		};
/* End PBXGroup section */

/* Begin PBXNativeTarget section */
		080AE6B928BA13BC00D83126 /* FireChat */ = {
			isa = PBXNativeTarget;
			buildConfigurationList = 080AE6CE28BA13BE00D83126 /* Build configuration list for PBXNativeTarget "FireChat" */;
			buildPhases = (
				6C09AAB6CB4AAD385C40D5ED /* [CP] Check Pods Manifest.lock */,
				080AE6B628BA13BC00D83126 /* Sources */,
				080AE6B728BA13BC00D83126 /* Frameworks */,
				080AE6B828BA13BC00D83126 /* Resources */,
				2757990C3B005AAC124AD149 /* [CP] Embed Pods Frameworks */,
			);
			buildRules = (
			);
			dependencies = (
			);
			name = FireChat;
			productName = FireChat;
			productReference = 080AE6BA28BA13BC00D83126 /* FireChat.app */;
			productType = "com.apple.product-type.application";
		};
/* End PBXNativeTarget section */

/* Begin PBXProject section */
		080AE6B228BA13BC00D83126 /* Project object */ = {
			isa = PBXProject;
			attributes = {
				BuildIndependentTargetsInParallel = 1;
				LastSwiftUpdateCheck = 1340;
				LastUpgradeCheck = 1340;
				TargetAttributes = {
					080AE6B928BA13BC00D83126 = {
						CreatedOnToolsVersion = 13.4.1;
					};
				};
			};
			buildConfigurationList = 080AE6B528BA13BC00D83126 /* Build configuration list for PBXProject "FireChat" */;
			compatibilityVersion = "Xcode 13.0";
			developmentRegion = en;
			hasScannedForEncodings = 0;
			knownRegions = (
				en,
				Base,
			);
			mainGroup = 080AE6B128BA13BC00D83126;
			productRefGroup = 080AE6BB28BA13BC00D83126 /* Products */;
			projectDirPath = "";
			projectRoot = "";
			targets = (
				080AE6B928BA13BC00D83126 /* FireChat */,
			);
		};
/* End PBXProject section */

/* Begin PBXResourcesBuildPhase section */
		080AE6B828BA13BC00D83126 /* Resources */ = {
			isa = PBXResourcesBuildPhase;
			buildActionMask = 2147483647;
			files = (
				080AE6CA28BA13BE00D83126 /* LaunchScreen.storyboard in Resources */,
				08A7BEA728BE07960039EBC7 /* GoogleService-Info.plist in Resources */,
				080AE6C728BA13BE00D83126 /* Assets.xcassets in Resources */,
				080AE6C528BA13BC00D83126 /* Main.storyboard in Resources */,
			);
			runOnlyForDeploymentPostprocessing = 0;
		};
/* End PBXResourcesBuildPhase section */

/* Begin PBXShellScriptBuildPhase section */
		2757990C3B005AAC124AD149 /* [CP] Embed Pods Frameworks */ = {
			isa = PBXShellScriptBuildPhase;
			buildActionMask = 2147483647;
			files = (
			);
			inputFileListPaths = (
				"${PODS_ROOT}/Target Support Files/Pods-FireChat/Pods-FireChat-frameworks-${CONFIGURATION}-input-files.xcfilelist",
			);
			name = "[CP] Embed Pods Frameworks";
			outputFileListPaths = (
				"${PODS_ROOT}/Target Support Files/Pods-FireChat/Pods-FireChat-frameworks-${CONFIGURATION}-output-files.xcfilelist",
			);
			runOnlyForDeploymentPostprocessing = 0;
			shellPath = /bin/sh;
			shellScript = "\"${PODS_ROOT}/Target Support Files/Pods-FireChat/Pods-FireChat-frameworks.sh\"\n";
			showEnvVarsInLog = 0;
		};
		6C09AAB6CB4AAD385C40D5ED /* [CP] Check Pods Manifest.lock */ = {
			isa = PBXShellScriptBuildPhase;
			buildActionMask = 2147483647;
			files = (
			);
			inputFileListPaths = (
			);
			inputPaths = (
				"${PODS_PODFILE_DIR_PATH}/Podfile.lock",
				"${PODS_ROOT}/Manifest.lock",
			);
			name = "[CP] Check Pods Manifest.lock";
			outputFileListPaths = (
			);
			outputPaths = (
				"$(DERIVED_FILE_DIR)/Pods-FireChat-checkManifestLockResult.txt",
			);
			runOnlyForDeploymentPostprocessing = 0;
			shellPath = /bin/sh;
			shellScript = "diff \"${PODS_PODFILE_DIR_PATH}/Podfile.lock\" \"${PODS_ROOT}/Manifest.lock\" > /dev/null\nif [ $? != 0 ] ; then\n    # print error to STDERR\n    echo \"error: The sandbox is not in sync with the Podfile.lock. Run 'pod install' or update your CocoaPods installation.\" >&2\n    exit 1\nfi\n# This output is used by Xcode 'outputs' to avoid re-running this script phase.\necho \"SUCCESS\" > \"${SCRIPT_OUTPUT_FILE_0}\"\n";
			showEnvVarsInLog = 0;
		};
/* End PBXShellScriptBuildPhase section */

/* Begin PBXSourcesBuildPhase section */
		080AE6B628BA13BC00D83126 /* Sources */ = {
			isa = PBXSourcesBuildPhase;
			buildActionMask = 2147483647;
			files = (
				080AE6C228BA13BC00D83126 /* ViewController.swift in Sources */,
				080AE6EF28BCDB6A00D83126 /* RegistrationViewModel.swift in Sources */,
				080AE6E928BCBD6D00D83126 /* InputContainerView.swift in Sources */,
				080AE6BE28BA13BC00D83126 /* AppDelegate.swift in Sources */,
				080AE6DE28BA14FC00D83126 /* ConversationsController.swift in Sources */,
				080AE6C028BA13BC00D83126 /* SceneDelegate.swift in Sources */,
				080AE6E328BA2B3700D83126 /* RegistrationController.swift in Sources */,
				080AE6E128BA2B2B00D83126 /* LoginController.swift in Sources */,
				080AE6E528BA2E7A00D83126 /* Extensions.swift in Sources */,
				080AE6ED28BCD3C500D83126 /* LoginViewModel.swift in Sources */,
				080AE6EB28BCC05D00D83126 /* CustomTextField.swift in Sources */,
			);
			runOnlyForDeploymentPostprocessing = 0;
		};
/* End PBXSourcesBuildPhase section */

/* Begin PBXVariantGroup section */
		080AE6C328BA13BC00D83126 /* Main.storyboard */ = {
			isa = PBXVariantGroup;
			children = (
				080AE6C428BA13BC00D83126 /* Base */,
			);
			name = Main.storyboard;
			sourceTree = "<group>";
		};
		080AE6C828BA13BE00D83126 /* LaunchScreen.storyboard */ = {
			isa = PBXVariantGroup;
			children = (
				080AE6C928BA13BE00D83126 /* Base */,
			);
			name = LaunchScreen.storyboard;
			sourceTree = "<group>";
		};
/* End PBXVariantGroup section */

/* Begin XCBuildConfiguration section */
		080AE6CC28BA13BE00D83126 /* Debug */ = {
			isa = XCBuildConfiguration;
			buildSettings = {
				ALWAYS_SEARCH_USER_PATHS = NO;
				CLANG_ANALYZER_NONNULL = YES;
				CLANG_ANALYZER_NUMBER_OBJECT_CONVERSION = YES_AGGRESSIVE;
				CLANG_CXX_LANGUAGE_STANDARD = "gnu++17";
				CLANG_ENABLE_MODULES = YES;
				CLANG_ENABLE_OBJC_ARC = YES;
				CLANG_ENABLE_OBJC_WEAK = YES;
				CLANG_WARN_BLOCK_CAPTURE_AUTORELEASING = YES;
				CLANG_WARN_BOOL_CONVERSION = YES;
				CLANG_WARN_COMMA = YES;
				CLANG_WARN_CONSTANT_CONVERSION = YES;
				CLANG_WARN_DEPRECATED_OBJC_IMPLEMENTATIONS = YES;
				CLANG_WARN_DIRECT_OBJC_ISA_USAGE = YES_ERROR;
				CLANG_WARN_DOCUMENTATION_COMMENTS = YES;
				CLANG_WARN_EMPTY_BODY = YES;
				CLANG_WARN_ENUM_CONVERSION = YES;
				CLANG_WARN_INFINITE_RECURSION = YES;
				CLANG_WARN_INT_CONVERSION = YES;
				CLANG_WARN_NON_LITERAL_NULL_CONVERSION = YES;
				CLANG_WARN_OBJC_IMPLICIT_RETAIN_SELF = YES;
				CLANG_WARN_OBJC_LITERAL_CONVERSION = YES;
				CLANG_WARN_OBJC_ROOT_CLASS = YES_ERROR;
				CLANG_WARN_QUOTED_INCLUDE_IN_FRAMEWORK_HEADER = YES;
				CLANG_WARN_RANGE_LOOP_ANALYSIS = YES;
				CLANG_WARN_STRICT_PROTOTYPES = YES;
				CLANG_WARN_SUSPICIOUS_MOVE = YES;
				CLANG_WARN_UNGUARDED_AVAILABILITY = YES_AGGRESSIVE;
				CLANG_WARN_UNREACHABLE_CODE = YES;
				CLANG_WARN__DUPLICATE_METHOD_MATCH = YES;
				COPY_PHASE_STRIP = NO;
				DEBUG_INFORMATION_FORMAT = dwarf;
				ENABLE_STRICT_OBJC_MSGSEND = YES;
				ENABLE_TESTABILITY = YES;
				GCC_C_LANGUAGE_STANDARD = gnu11;
				GCC_DYNAMIC_NO_PIC = NO;
				GCC_NO_COMMON_BLOCKS = YES;
				GCC_OPTIMIZATION_LEVEL = 0;
				GCC_PREPROCESSOR_DEFINITIONS = (
					"DEBUG=1",
					"$(inherited)",
				);
				GCC_WARN_64_TO_32_BIT_CONVERSION = YES;
				GCC_WARN_ABOUT_RETURN_TYPE = YES_ERROR;
				GCC_WARN_UNDECLARED_SELECTOR = YES;
				GCC_WARN_UNINITIALIZED_AUTOS = YES_AGGRESSIVE;
				GCC_WARN_UNUSED_FUNCTION = YES;
				GCC_WARN_UNUSED_VARIABLE = YES;
				IPHONEOS_DEPLOYMENT_TARGET = 15.5;
				MTL_ENABLE_DEBUG_INFO = INCLUDE_SOURCE;
				MTL_FAST_MATH = YES;
				ONLY_ACTIVE_ARCH = YES;
				SDKROOT = iphoneos;
				SWIFT_ACTIVE_COMPILATION_CONDITIONS = DEBUG;
				SWIFT_OPTIMIZATION_LEVEL = "-Onone";
			};
			name = Debug;
		};
		080AE6CD28BA13BE00D83126 /* Release */ = {
			isa = XCBuildConfiguration;
			buildSettings = {
				ALWAYS_SEARCH_USER_PATHS = NO;
				CLANG_ANALYZER_NONNULL = YES;
				CLANG_ANALYZER_NUMBER_OBJECT_CONVERSION = YES_AGGRESSIVE;
				CLANG_CXX_LANGUAGE_STANDARD = "gnu++17";
				CLANG_ENABLE_MODULES = YES;
				CLANG_ENABLE_OBJC_ARC = YES;
				CLANG_ENABLE_OBJC_WEAK = YES;
				CLANG_WARN_BLOCK_CAPTURE_AUTORELEASING = YES;
				CLANG_WARN_BOOL_CONVERSION = YES;
				CLANG_WARN_COMMA = YES;
				CLANG_WARN_CONSTANT_CONVERSION = YES;
				CLANG_WARN_DEPRECATED_OBJC_IMPLEMENTATIONS = YES;
				CLANG_WARN_DIRECT_OBJC_ISA_USAGE = YES_ERROR;
				CLANG_WARN_DOCUMENTATION_COMMENTS = YES;
				CLANG_WARN_EMPTY_BODY = YES;
				CLANG_WARN_ENUM_CONVERSION = YES;
				CLANG_WARN_INFINITE_RECURSION = YES;
				CLANG_WARN_INT_CONVERSION = YES;
				CLANG_WARN_NON_LITERAL_NULL_CONVERSION = YES;
				CLANG_WARN_OBJC_IMPLICIT_RETAIN_SELF = YES;
				CLANG_WARN_OBJC_LITERAL_CONVERSION = YES;
				CLANG_WARN_OBJC_ROOT_CLASS = YES_ERROR;
				CLANG_WARN_QUOTED_INCLUDE_IN_FRAMEWORK_HEADER = YES;
				CLANG_WARN_RANGE_LOOP_ANALYSIS = YES;
				CLANG_WARN_STRICT_PROTOTYPES = YES;
				CLANG_WARN_SUSPICIOUS_MOVE = YES;
				CLANG_WARN_UNGUARDED_AVAILABILITY = YES_AGGRESSIVE;
				CLANG_WARN_UNREACHABLE_CODE = YES;
				CLANG_WARN__DUPLICATE_METHOD_MATCH = YES;
				COPY_PHASE_STRIP = NO;
				DEBUG_INFORMATION_FORMAT = "dwarf-with-dsym";
				ENABLE_NS_ASSERTIONS = NO;
				ENABLE_STRICT_OBJC_MSGSEND = YES;
				GCC_C_LANGUAGE_STANDARD = gnu11;
				GCC_NO_COMMON_BLOCKS = YES;
				GCC_WARN_64_TO_32_BIT_CONVERSION = YES;
				GCC_WARN_ABOUT_RETURN_TYPE = YES_ERROR;
				GCC_WARN_UNDECLARED_SELECTOR = YES;
				GCC_WARN_UNINITIALIZED_AUTOS = YES_AGGRESSIVE;
				GCC_WARN_UNUSED_FUNCTION = YES;
				GCC_WARN_UNUSED_VARIABLE = YES;
				IPHONEOS_DEPLOYMENT_TARGET = 15.5;
				MTL_ENABLE_DEBUG_INFO = NO;
				MTL_FAST_MATH = YES;
				ONLY_ACTIVE_ARCH = YES;
				SDKROOT = iphoneos;
				SWIFT_COMPILATION_MODE = wholemodule;
				SWIFT_OPTIMIZATION_LEVEL = "-O";
				VALIDATE_PRODUCT = YES;
			};
			name = Release;
		};
		080AE6CF28BA13BE00D83126 /* Debug */ = {
			isa = XCBuildConfiguration;
			baseConfigurationReference = 9FFC5404255CFBBE1246AA16 /* Pods-FireChat.debug.xcconfig */;
			buildSettings = {
				ASSETCATALOG_COMPILER_APPICON_NAME = AppIcon;
				ASSETCATALOG_COMPILER_GLOBAL_ACCENT_COLOR_NAME = AccentColor;
				CODE_SIGN_STYLE = Automatic;
				CURRENT_PROJECT_VERSION = 1;
				DEVELOPMENT_TEAM = 9PF2GLF6PD;
				GENERATE_INFOPLIST_FILE = YES;
				INFOPLIST_FILE = FireChat/Info.plist;
				INFOPLIST_KEY_UIApplicationSupportsIndirectInputEvents = YES;
				INFOPLIST_KEY_UILaunchStoryboardName = LaunchScreen;
				INFOPLIST_KEY_UIMainStoryboardFile = Main;
				INFOPLIST_KEY_UISupportedInterfaceOrientations_iPad = "UIInterfaceOrientationPortrait UIInterfaceOrientationPortraitUpsideDown UIInterfaceOrientationLandscapeLeft UIInterfaceOrientationLandscapeRight";
				INFOPLIST_KEY_UISupportedInterfaceOrientations_iPhone = "UIInterfaceOrientationPortrait UIInterfaceOrientationLandscapeLeft UIInterfaceOrientationLandscapeRight";
				IPHONEOS_DEPLOYMENT_TARGET = 15.5;
				LD_RUNPATH_SEARCH_PATHS = (
					"$(inherited)",
					"@executable_path/Frameworks",
				);
				MARKETING_VERSION = 1.0;
				PRODUCT_BUNDLE_IDENTIFIER = com.Beavean.Anthony.FireChat;
				PRODUCT_NAME = "$(TARGET_NAME)";
				SWIFT_EMIT_LOC_STRINGS = YES;
				SWIFT_VERSION = 5.0;
				TARGETED_DEVICE_FAMILY = "1,2";
			};
			name = Debug;
		};
		080AE6D028BA13BE00D83126 /* Release */ = {
			isa = XCBuildConfiguration;
			baseConfigurationReference = BCFA2BCBCBDD3324181B9006 /* Pods-FireChat.release.xcconfig */;
			buildSettings = {
				ASSETCATALOG_COMPILER_APPICON_NAME = AppIcon;
				ASSETCATALOG_COMPILER_GLOBAL_ACCENT_COLOR_NAME = AccentColor;
				CODE_SIGN_STYLE = Automatic;
				CURRENT_PROJECT_VERSION = 1;
				DEVELOPMENT_TEAM = 9PF2GLF6PD;
				GENERATE_INFOPLIST_FILE = YES;
				INFOPLIST_FILE = FireChat/Info.plist;
				INFOPLIST_KEY_UIApplicationSupportsIndirectInputEvents = YES;
				INFOPLIST_KEY_UILaunchStoryboardName = LaunchScreen;
				INFOPLIST_KEY_UIMainStoryboardFile = Main;
				INFOPLIST_KEY_UISupportedInterfaceOrientations_iPad = "UIInterfaceOrientationPortrait UIInterfaceOrientationPortraitUpsideDown UIInterfaceOrientationLandscapeLeft UIInterfaceOrientationLandscapeRight";
				INFOPLIST_KEY_UISupportedInterfaceOrientations_iPhone = "UIInterfaceOrientationPortrait UIInterfaceOrientationLandscapeLeft UIInterfaceOrientationLandscapeRight";
				IPHONEOS_DEPLOYMENT_TARGET = 15.5;
				LD_RUNPATH_SEARCH_PATHS = (
					"$(inherited)",
					"@executable_path/Frameworks",
				);
				MARKETING_VERSION = 1.0;
				ONLY_ACTIVE_ARCH = YES;
				PRODUCT_BUNDLE_IDENTIFIER = com.Beavean.Anthony.FireChat;
				PRODUCT_NAME = "$(TARGET_NAME)";
				SWIFT_EMIT_LOC_STRINGS = YES;
				SWIFT_VERSION = 5.0;
				TARGETED_DEVICE_FAMILY = "1,2";
			};
			name = Release;
		};
/* End XCBuildConfiguration section */

/* Begin XCConfigurationList section */
		080AE6B528BA13BC00D83126 /* Build configuration list for PBXProject "FireChat" */ = {
			isa = XCConfigurationList;
			buildConfigurations = (
				080AE6CC28BA13BE00D83126 /* Debug */,
				080AE6CD28BA13BE00D83126 /* Release */,
			);
			defaultConfigurationIsVisible = 0;
			defaultConfigurationName = Release;
		};
		080AE6CE28BA13BE00D83126 /* Build configuration list for PBXNativeTarget "FireChat" */ = {
			isa = XCConfigurationList;
			buildConfigurations = (
				080AE6CF28BA13BE00D83126 /* Debug */,
				080AE6D028BA13BE00D83126 /* Release */,
			);
			defaultConfigurationIsVisible = 0;
			defaultConfigurationName = Release;
		};
/* End XCConfigurationList section */
	};
	rootObject = 080AE6B228BA13BC00D83126 /* Project object */;
}
